
Microsoft Visual Studio Solution File, Format Version 12.00
# Visual Studio Version 16
VisualStudioVersion = 16.0.32602.291
MinimumVisualStudioVersion = 10.0.40219.1
Project("{9A19103F-16F7-4668-BE54-9A1E7A4F7556}") = "astoriaTrainingAPI", "astoriaTrainingAPI\astoriaTrainingAPI.csproj", "{37C57D8D-6A04-479F-95E6-E0A85841C4C5}"
EndProject
Project("{FAE04EC0-301F-11D3-BF4B-00C04F79EFBC}") = "astoriaTraining8UnitTesting", "astoriaTraining8UnitTesting\astoriaTraining8UnitTesting.csproj", "{03B46E02-A8BC-4A17-BB5D-79B3D68C1666}"
EndProject
Global
	GlobalSection(SolutionConfigurationPlatforms) = preSolution
		Debug|Any CPU = Debug|Any CPU
		Release|Any CPU = Release|Any CPU
	EndGlobalSection
	GlobalSection(ProjectConfigurationPlatforms) = postSolution
		{37C57D8D-6A04-479F-95E6-E0A85841C4C5}.Debug|Any CPU.ActiveCfg = Debug|Any CPU
		{37C57D8D-6A04-479F-95E6-E0A85841C4C5}.Debug|Any CPU.Build.0 = Debug|Any CPU
		{37C57D8D-6A04-479F-95E6-E0A85841C4C5}.Release|Any CPU.ActiveCfg = Release|Any CPU
		{37C57D8D-6A04-479F-95E6-E0A85841C4C5}.Release|Any CPU.Build.0 = Release|Any CPU
		{03B46E02-A8BC-4A17-BB5D-79B3D68C1666}.Debug|Any CPU.ActiveCfg = Debug|Any CPU
		{03B46E02-A8BC-4A17-BB5D-79B3D68C1666}.Debug|Any CPU.Build.0 = Debug|Any CPU
		{03B46E02-A8BC-4A17-BB5D-79B3D68C1666}.Release|Any CPU.ActiveCfg = Release|Any CPU
		{03B46E02-A8BC-4A17-BB5D-79B3D68C1666}.Release|Any CPU.Build.0 = Release|Any CPU
	EndGlobalSection
	GlobalSection(SolutionProperties) = preSolution
		HideSolutionNode = FALSE
	EndGlobalSection
	GlobalSection(ExtensibilityGlobals) = postSolution
		SolutionGuid = {49826F4A-F10A-4170-9D57-F80CA79AEFCE}
	EndGlobalSection
EndGlobal
